Microsoft Visual Studio Solution File, Format Version 12.00
# Visual Studio Version 16
VisualStudioVersion = 16.0.29905.134
MinimumVisualStudioVersion = 10.0.40219.1
Project("{9A19103F-16F7-4668-BE54-9A1E7A4F7556}") = "QnABot", "QnABot.csproj", "{011BF8E5-6C91-4D05-A1CB-4AD6637DA400}"
EndProject
Global
	GlobalSection(SolutionConfigurationPlatforms) = preSolution
		Debug|Any CPU = Debug|Any CPU
		Release|Any CPU = Release|Any CPU
	EndGlobalSection
	GlobalSection(ProjectConfigurationPlatforms) = postSolution
		{011BF8E5-6C91-4D05-A1CB-4AD6637DA400}.Debug|Any CPU.ActiveCfg = Debug|Any CPU
		{011BF8E5-6C91-4D05-A1CB-4AD6637DA400}.Debug|Any CPU.Build.0 = Debug|Any CPU
		{011BF8E5-6C91-4D05-A1CB-4AD6637DA400}.Release|Any CPU.ActiveCfg = Release|Any CPU
		{011BF8E5-6C91-4D05-A1CB-4AD6637DA400}.Release|Any CPU.Build.0 = Release|Any CPU
	EndGlobalSection
	GlobalSection(SolutionProperties) = preSolution
		HideSolutionNode = FALSE
	EndGlobalSection
	GlobalSection(ExtensibilityGlobals) = postSolution
		SolutionGuid = {4AEAA998-1D2C-43C9-A2A9-6B40137B24BE}
	EndGlobalSection
EndGlobal
